
Microsoft Visual Studio Solution File, Format Version 12.00
# Visual Studio 15
VisualStudioVersion = 15.0.26730.15
MinimumVisualStudioVersion = 10.0.40219.1
Project("{FAE04EC0-301F-11D3-BF4B-00C04F79EFBC}") = "TopsyTurvyCakes", "TopsyTurvyCakes\TopsyTurvyCakes.csproj", "{509D84F7-A00E-4707-A006-0650B5FEB8D5}"
EndProject
Global
	GlobalSection(SolutionConfigurationPlatforms) = preSolution
		Debug|Any CPU = Debug|Any CPU
		Release|Any CPU = Release|Any CPU
	EndGlobalSection
	GlobalSection(ProjectConfigurationPlatforms) = postSolution
		{509D84F7-A00E-4707-A006-0650B5FEB8D5}.Debug|Any CPU.ActiveCfg = Debug|Any CPU
		{509D84F7-A00E-4707-A006-0650B5FEB8D5}.Debug|Any CPU.Build.0 = Debug|Any CPU
		{509D84F7-A00E-4707-A006-0650B5FEB8D5}.Release|Any CPU.ActiveCfg = Release|Any CPU
		{509D84F7-A00E-4707-A006-0650B5FEB8D5}.Release|Any CPU.Build.0 = Release|Any CPU
	EndGlobalSection
	GlobalSection(SolutionProperties) = preSolution
		HideSolutionNode = FALSE
	EndGlobalSection
	GlobalSection(ExtensibilityGlobals) = postSolution
		SolutionGuid = {46664016-1EFC-4493-A69A-0CBE8AD191D4}
	EndGlobalSection
EndGlobal
